// !$*UTF8*$!
{
	archiveVersion = 1;
	classes = {
	};
	objectVersion = 50;
	objects = {

/* Begin PBXBuildFile section */
		0D182192264ECAA50079D417 /* AppDelegate.swift in Sources */ = {isa = PBXBuildFile; fileRef = 0D182191264ECAA50079D417 /* AppDelegate.swift */; };
		0D182194264ECAA50079D417 /* SceneDelegate.swift in Sources */ = {isa = PBXBuildFile; fileRef = 0D182193264ECAA50079D417 /* SceneDelegate.swift */; };
		0D182199264ECAA50079D417 /* Main.storyboard in Resources */ = {isa = PBXBuildFile; fileRef = 0D182197264ECAA50079D417 /* Main.storyboard */; };
		0D18219B264ECAA60079D417 /* Assets.xcassets in Resources */ = {isa = PBXBuildFile; fileRef = 0D18219A264ECAA60079D417 /* Assets.xcassets */; };
		0D18219E264ECAA60079D417 /* LaunchScreen.storyboard in Resources */ = {isa = PBXBuildFile; fileRef = 0D18219C264ECAA60079D417 /* LaunchScreen.storyboard */; };
		0D1821B1264ECB320079D417 /* CloudKit.framework in Frameworks */ = {isa = PBXBuildFile; fileRef = 0D1821B0264ECB320079D417 /* CloudKit.framework */; };
		0D1821B3264ECBC80079D417 /* Contact.swift in Sources */ = {isa = PBXBuildFile; fileRef = 0D1821B2264ECBC80079D417 /* Contact.swift */; };
		0D1821B5264ECD0D0079D417 /* Strings.swift in Sources */ = {isa = PBXBuildFile; fileRef = 0D1821B4264ECD0D0079D417 /* Strings.swift */; };
		0D1821B7264ED0190079D417 /* ContactController.swift in Sources */ = {isa = PBXBuildFile; fileRef = 0D1821B6264ED0190079D417 /* ContactController.swift */; };
		0D1821B9264ED1340079D417 /* ContactError.swift in Sources */ = {isa = PBXBuildFile; fileRef = 0D1821B8264ED1340079D417 /* ContactError.swift */; };
		0D1821BB264EDA510079D417 /* ContactsDetailViewController.swift in Sources */ = {isa = PBXBuildFile; fileRef = 0D1821BA264EDA510079D417 /* ContactsDetailViewController.swift */; };
		0D1821BD264EDA6F0079D417 /* ContactsListTableViewController.swift in Sources */ = {isa = PBXBuildFile; fileRef = 0D1821BC264EDA6F0079D417 /* ContactsListTableViewController.swift */; };
/* End PBXBuildFile section */

/* Begin PBXFileReference section */
		0D18218E264ECAA50079D417 /* ContactsCloudKit.app */ = {isa = PBXFileReference; explicitFileType = wrapper.application; includeInIndex = 0; path = ContactsCloudKit.app; sourceTree = BUILT_PRODUCTS_DIR; };
		0D182191264ECAA50079D417 /* AppDelegate.swift */ = {isa = PBXFileReference; lastKnownFileType = sourcecode.swift; path = AppDelegate.swift; sourceTree = "<group>"; };
		0D182193264ECAA50079D417 /* SceneDelegate.swift */ = {isa = PBXFileReference; lastKnownFileType = sourcecode.swift; path = SceneDelegate.swift; sourceTree = "<group>"; };
		0D182198264ECAA50079D417 /* Base */ = {isa = PBXFileReference; lastKnownFileType = file.storyboard; name = Base; path = Base.lproj/Main.storyboard; sourceTree = "<group>"; };
		0D18219A264ECAA60079D417 /* Assets.xcassets */ = {isa = PBXFileReference; lastKnownFileType = folder.assetcatalog; path = Assets.xcassets; sourceTree = "<group>"; };
		0D18219D264ECAA60079D417 /* Base */ = {isa = PBXFileReference; lastKnownFileType = file.storyboard; name = Base; path = Base.lproj/LaunchScreen.storyboard; sourceTree = "<group>"; };
		0D18219F264ECAA60079D417 /* Info.plist */ = {isa = PBXFileReference; lastKnownFileType = text.plist.xml; path = Info.plist; sourceTree = "<group>"; };
		0D1821AE264ECB240079D417 /* ContactsCloudKit.entitlements */ = {isa = PBXFileReference; lastKnownFileType = text.plist.entitlements; path = ContactsCloudKit.entitlements; sourceTree = "<group>"; };
		0D1821B0264ECB320079D417 /* CloudKit.framework */ = {isa = PBXFileReference; lastKnownFileType = wrapper.framework; name = CloudKit.framework; path = System/Library/Frameworks/CloudKit.framework; sourceTree = SDKROOT; };
		0D1821B2264ECBC80079D417 /* Contact.swift */ = {isa = PBXFileReference; lastKnownFileType = sourcecode.swift; path = Contact.swift; sourceTree = "<group>"; };
		0D1821B4264ECD0D0079D417 /* Strings.swift */ = {isa = PBXFileReference; lastKnownFileType = sourcecode.swift; path = Strings.swift; sourceTree = "<group>"; };
		0D1821B6264ED0190079D417 /* ContactController.swift */ = {isa = PBXFileReference; lastKnownFileType = sourcecode.swift; path = ContactController.swift; sourceTree = "<group>"; };
		0D1821B8264ED1340079D417 /* ContactError.swift */ = {isa = PBXFileReference; lastKnownFileType = sourcecode.swift; path = ContactError.swift; sourceTree = "<group>"; };
		0D1821BA264EDA510079D417 /* ContactsDetailViewController.swift */ = {isa = PBXFileReference; lastKnownFileType = sourcecode.swift; path = ContactsDetailViewController.swift; sourceTree = "<group>"; };
		0D1821BC264EDA6F0079D417 /* ContactsListTableViewController.swift */ = {isa = PBXFileReference; lastKnownFileType = sourcecode.swift; path = ContactsListTableViewController.swift; sourceTree = "<group>"; };
/* End PBXFileReference section */

/* Begin PBXFrameworksBuildPhase section */
		0D18218B264ECAA50079D417 /* Frameworks */ = {
			isa = PBXFrameworksBuildPhase;
			buildActionMask = 2147483647;
			files = (
				0D1821B1264ECB320079D417 /* CloudKit.framework in Frameworks */,
			);
			runOnlyForDeploymentPostprocessing = 0;
		};
/* End PBXFrameworksBuildPhase section */

/* Begin PBXGroup section */
		0D182185264ECAA50079D417 = {
			isa = PBXGroup;
			children = (
				0D182190264ECAA50079D417 /* ContactsCloudKit */,
				0D18218F264ECAA50079D417 /* Products */,
				0D1821AF264ECB320079D417 /* Frameworks */,
			);
			sourceTree = "<group>";
		};
		0D18218F264ECAA50079D417 /* Products */ = {
			isa = PBXGroup;
			children = (
				0D18218E264ECAA50079D417 /* ContactsCloudKit.app */,
			);
			name = Products;
			sourceTree = "<group>";
		};
		0D182190264ECAA50079D417 /* ContactsCloudKit */ = {
			isa = PBXGroup;
			children = (
				0D1821AE264ECB240079D417 /* ContactsCloudKit.entitlements */,
				0D1821AD264ECAFC0079D417 /* Models */,
				0D1821AA264ECAEA0079D417 /* Controllers */,
				0D1821A7264ECAD00079D417 /* Views */,
				0D1821A6264ECABB0079D417 /* Helpers */,
				0D1821A5264ECAAE0079D417 /* Resources */,
			);
			path = ContactsCloudKit;
			sourceTree = "<group>";
		};
		0D1821A5264ECAAE0079D417 /* Resources */ = {
			isa = PBXGroup;
			children = (
				0D18219F264ECAA60079D417 /* Info.plist */,
				0D182191264ECAA50079D417 /* AppDelegate.swift */,
				0D182193264ECAA50079D417 /* SceneDelegate.swift */,
				0D18219A264ECAA60079D417 /* Assets.xcassets */,
				0D18219C264ECAA60079D417 /* LaunchScreen.storyboard */,
			);
			path = Resources;
			sourceTree = "<group>";
		};
		0D1821A6264ECABB0079D417 /* Helpers */ = {
			isa = PBXGroup;
			children = (
				0D1821B4264ECD0D0079D417 /* Strings.swift */,
				0D1821B8264ED1340079D417 /* ContactError.swift */,
			);
			path = Helpers;
			sourceTree = "<group>";
		};
		0D1821A7264ECAD00079D417 /* Views */ = {
			isa = PBXGroup;
			children = (
				0D1821A9264ECAE40079D417 /* CustomViews */,
				0D1821A8264ECADA0079D417 /* Storyboards */,
			);
			path = Views;
			sourceTree = "<group>";
		};
		0D1821A8264ECADA0079D417 /* Storyboards */ = {
			isa = PBXGroup;
			children = (
				0D182197264ECAA50079D417 /* Main.storyboard */,
			);
			path = Storyboards;
			sourceTree = "<group>";
		};
		0D1821A9264ECAE40079D417 /* CustomViews */ = {
			isa = PBXGroup;
			children = (
			);
			path = CustomViews;
			sourceTree = "<group>";
		};
		0D1821AA264ECAEA0079D417 /* Controllers */ = {
			isa = PBXGroup;
			children = (
				0D1821AB264ECAED0079D417 /* ModelControllers */,
				0D1821AC264ECAF40079D417 /* ViewControllers */,
			);
			path = Controllers;
			sourceTree = "<group>";
		};
		0D1821AB264ECAED0079D417 /* ModelControllers */ = {
			isa = PBXGroup;
			children = (
				0D1821B6264ED0190079D417 /* ContactController.swift */,
			);
			path = ModelControllers;
			sourceTree = "<group>";
		};
		0D1821AC264ECAF40079D417 /* ViewControllers */ = {
			isa = PBXGroup;
			children = (
				0D1821BA264EDA510079D417 /* ContactsDetailViewController.swift */,
				0D1821BC264EDA6F0079D417 /* ContactsListTableViewController.swift */,
			);
			path = ViewControllers;
			sourceTree = "<group>";
		};
		0D1821AD264ECAFC0079D417 /* Models */ = {
			isa = PBXGroup;
			children = (
				0D1821B2264ECBC80079D417 /* Contact.swift */,
			);
			path = Models;
			sourceTree = "<group>";
		};
		0D1821AF264ECB320079D417 /* Frameworks */ = {
			isa = PBXGroup;
			children = (
				0D1821B0264ECB320079D417 /* CloudKit.framework */,
			);
			name = Frameworks;
			sourceTree = "<group>";
		};
/* End PBXGroup section */

/* Begin PBXNativeTarget section */
		0D18218D264ECAA50079D417 /* ContactsCloudKit */ = {
			isa = PBXNativeTarget;
			buildConfigurationList = 0D1821A2264ECAA60079D417 /* Build configuration list for PBXNativeTarget "ContactsCloudKit" */;
			buildPhases = (
				0D18218A264ECAA50079D417 /* Sources */,
				0D18218B264ECAA50079D417 /* Frameworks */,
				0D18218C264ECAA50079D417 /* Resources */,
			);
			buildRules = (
			);
			dependencies = (
			);
			name = ContactsCloudKit;
			productName = ContactsCloudKit;
			productReference = 0D18218E264ECAA50079D417 /* ContactsCloudKit.app */;
			productType = "com.apple.product-type.application";
		};
/* End PBXNativeTarget section */

/* Begin PBXProject section */
		0D182186264ECAA50079D417 /* Project object */ = {
			isa = PBXProject;
			attributes = {
				LastSwiftUpdateCheck = 1250;
				LastUpgradeCheck = 1250;
				TargetAttributes = {
					0D18218D264ECAA50079D417 = {
						CreatedOnToolsVersion = 12.5;
					};
				};
			};
			buildConfigurationList = 0D182189264ECAA50079D417 /* Build configuration list for PBXProject "ContactsCloudKit" */;
			compatibilityVersion = "Xcode 9.3";
			developmentRegion = en;
			hasScannedForEncodings = 0;
			knownRegions = (
				en,
				Base,
			);
			mainGroup = 0D182185264ECAA50079D417;
			productRefGroup = 0D18218F264ECAA50079D417 /* Products */;
			projectDirPath = "";
			projectRoot = "";
			targets = (
				0D18218D264ECAA50079D417 /* ContactsCloudKit */,
			);
		};
/* End PBXProject section */

/* Begin PBXResourcesBuildPhase section */
		0D18218C264ECAA50079D417 /* Resources */ = {
			isa = PBXResourcesBuildPhase;
			buildActionMask = 2147483647;
			files = (
				0D18219E264ECAA60079D417 /* LaunchScreen.storyboard in Resources */,
				0D18219B264ECAA60079D417 /* Assets.xcassets in Resources */,
				0D182199264ECAA50079D417 /* Main.storyboard in Resources */,
			);
			runOnlyForDeploymentPostprocessing = 0;
		};
/* End PBXResourcesBuildPhase section */

/* Begin PBXSourcesBuildPhase section */
		0D18218A264ECAA50079D417 /* Sources */ = {
			isa = PBXSourcesBuildPhase;
			buildActionMask = 2147483647;
			files = (
				0D1821B3264ECBC80079D417 /* Contact.swift in Sources */,
				0D1821B9264ED1340079D417 /* ContactError.swift in Sources */,
				0D1821BD264EDA6F0079D417 /* ContactsListTableViewController.swift in Sources */,
				0D1821B7264ED0190079D417 /* ContactController.swift in Sources */,
				0D1821BB264EDA510079D417 /* ContactsDetailViewController.swift in Sources */,
				0D182192264ECAA50079D417 /* AppDelegate.swift in Sources */,
				0D1821B5264ECD0D0079D417 /* Strings.swift in Sources */,
				0D182194264ECAA50079D417 /* SceneDelegate.swift in Sources */,
			);
			runOnlyForDeploymentPostprocessing = 0;
		};
/* End PBXSourcesBuildPhase section */

/* Begin PBXVariantGroup section */
		0D182197264ECAA50079D417 /* Main.storyboard */ = {
			isa = PBXVariantGroup;
			children = (
				0D182198264ECAA50079D417 /* Base */,
			);
			name = Main.storyboard;
			sourceTree = "<group>";
		};
		0D18219C264ECAA60079D417 /* LaunchScreen.storyboard */ = {
			isa = PBXVariantGroup;
			children = (
				0D18219D264ECAA60079D417 /* Base */,
			);
			name = LaunchScreen.storyboard;
			sourceTree = "<group>";
		};
/* End PBXVariantGroup section */

/* Begin XCBuildConfiguration section */
		0D1821A0264ECAA60079D417 /* Debug */ = {
			isa = XCBuildConfiguration;
			buildSettings = {
				ALWAYS_SEARCH_USER_PATHS = NO;
				CLANG_ANALYZER_NONNULL = YES;
				CLANG_ANALYZER_NUMBER_OBJECT_CONVERSION = YES_AGGRESSIVE;
				CLANG_CXX_LANGUAGE_STANDARD = "gnu++14";
				CLANG_CXX_LIBRARY = "libc++";
				CLANG_ENABLE_MODULES = YES;
				CLANG_ENABLE_OBJC_ARC = YES;
				CLANG_ENABLE_OBJC_WEAK = YES;
				CLANG_WARN_BLOCK_CAPTURE_AUTORELEASING = YES;
				CLANG_WARN_BOOL_CONVERSION = YES;
				CLANG_WARN_COMMA = YES;
				CLANG_WARN_CONSTANT_CONVERSION = YES;
				CLANG_WARN_DEPRECATED_OBJC_IMPLEMENTATIONS = YES;
				CLANG_WARN_DIRECT_OBJC_ISA_USAGE = YES_ERROR;
				CLANG_WARN_DOCUMENTATION_COMMENTS = YES;
				CLANG_WARN_EMPTY_BODY = YES;
				CLANG_WARN_ENUM_CONVERSION = YES;
				CLANG_WARN_INFINITE_RECURSION = YES;
				CLANG_WARN_INT_CONVERSION = YES;
				CLANG_WARN_NON_LITERAL_NULL_CONVERSION = YES;
				CLANG_WARN_OBJC_IMPLICIT_RETAIN_SELF = YES;
				CLANG_WARN_OBJC_LITERAL_CONVERSION = YES;
				CLANG_WARN_OBJC_ROOT_CLASS = YES_ERROR;
				CLANG_WARN_QUOTED_INCLUDE_IN_FRAMEWORK_HEADER = YES;
				CLANG_WARN_RANGE_LOOP_ANALYSIS = YES;
				CLANG_WARN_STRICT_PROTOTYPES = YES;
				CLANG_WARN_SUSPICIOUS_MOVE = YES;
				CLANG_WARN_UNGUARDED_AVAILABILITY = YES_AGGRESSIVE;
				CLANG_WARN_UNREACHABLE_CODE = YES;
				CLANG_WARN__DUPLICATE_METHOD_MATCH = YES;
				COPY_PHASE_STRIP = NO;
				DEBUG_INFORMATION_FORMAT = dwarf;
				ENABLE_STRICT_OBJC_MSGSEND = YES;
				ENABLE_TESTABILITY = YES;
				GCC_C_LANGUAGE_STANDARD = gnu11;
				GCC_DYNAMIC_NO_PIC = NO;
				GCC_NO_COMMON_BLOCKS = YES;
				GCC_OPTIMIZATION_LEVEL = 0;
				GCC_PREPROCESSOR_DEFINITIONS = (
					"DEBUG=1",
					"$(inherited)",
				);
				GCC_WARN_64_TO_32_BIT_CONVERSION = YES;
				GCC_WARN_ABOUT_RETURN_TYPE = YES_ERROR;
				GCC_WARN_UNDECLARED_SELECTOR = YES;
				GCC_WARN_UNINITIALIZED_AUTOS = YES_AGGRESSIVE;
				GCC_WARN_UNUSED_FUNCTION = YES;
				GCC_WARN_UNUSED_VARIABLE = YES;
				IPHONEOS_DEPLOYMENT_TARGET = 14.5;
				MTL_ENABLE_DEBUG_INFO = INCLUDE_SOURCE;
				MTL_FAST_MATH = YES;
				ONLY_ACTIVE_ARCH = YES;
				SDKROOT = iphoneos;
				SWIFT_ACTIVE_COMPILATION_CONDITIONS = DEBUG;
				SWIFT_OPTIMIZATION_LEVEL = "-Onone";
			};
			name = Debug;
		};
		0D1821A1264ECAA60079D417 /* Release */ = {
			isa = XCBuildConfiguration;
			buildSettings = {
				ALWAYS_SEARCH_USER_PATHS = NO;
				CLANG_ANALYZER_NONNULL = YES;
				CLANG_ANALYZER_NUMBER_OBJECT_CONVERSION = YES_AGGRESSIVE;
				CLANG_CXX_LANGUAGE_STANDARD = "gnu++14";
				CLANG_CXX_LIBRARY = "libc++";
				CLANG_ENABLE_MODULES = YES;
				CLANG_ENABLE_OBJC_ARC = YES;
				CLANG_ENABLE_OBJC_WEAK = YES;
				CLANG_WARN_BLOCK_CAPTURE_AUTORELEASING = YES;
				CLANG_WARN_BOOL_CONVERSION = YES;
				CLANG_WARN_COMMA = YES;
				CLANG_WARN_CONSTANT_CONVERSION = YES;
				CLANG_WARN_DEPRECATED_OBJC_IMPLEMENTATIONS = YES;
				CLANG_WARN_DIRECT_OBJC_ISA_USAGE = YES_ERROR;
				CLANG_WARN_DOCUMENTATION_COMMENTS = YES;
				CLANG_WARN_EMPTY_BODY = YES;
				CLANG_WARN_ENUM_CONVERSION = YES;
				CLANG_WARN_INFINITE_RECURSION = YES;
				CLANG_WARN_INT_CONVERSION = YES;
				CLANG_WARN_NON_LITERAL_NULL_CONVERSION = YES;
				CLANG_WARN_OBJC_IMPLICIT_RETAIN_SELF = YES;
				CLANG_WARN_OBJC_LITERAL_CONVERSION = YES;
				CLANG_WARN_OBJC_ROOT_CLASS = YES_ERROR;
				CLANG_WARN_QUOTED_INCLUDE_IN_FRAMEWORK_HEADER = YES;
				CLANG_WARN_RANGE_LOOP_ANALYSIS = YES;
				CLANG_WARN_STRICT_PROTOTYPES = YES;
				CLANG_WARN_SUSPICIOUS_MOVE = YES;
				CLANG_WARN_UNGUARDED_AVAILABILITY = YES_AGGRESSIVE;
				CLANG_WARN_UNREACHABLE_CODE = YES;
				CLANG_WARN__DUPLICATE_METHOD_MATCH = YES;
				COPY_PHASE_STRIP = NO;
				DEBUG_INFORMATION_FORMAT = "dwarf-with-dsym";
				ENABLE_NS_ASSERTIONS = NO;
				ENABLE_STRICT_OBJC_MSGSEND = YES;
				GCC_C_LANGUAGE_STANDARD = gnu11;
				GCC_NO_COMMON_BLOCKS = YES;
				GCC_WARN_64_TO_32_BIT_CONVERSION = YES;
				GCC_WARN_ABOUT_RETURN_TYPE = YES_ERROR;
				GCC_WARN_UNDECLARED_SELECTOR = YES;
				GCC_WARN_UNINITIALIZED_AUTOS = YES_AGGRESSIVE;
				GCC_WARN_UNUSED_FUNCTION = YES;
				GCC_WARN_UNUSED_VARIABLE = YES;
				IPHONEOS_DEPLOYMENT_TARGET = 14.5;
				MTL_ENABLE_DEBUG_INFO = NO;
				MTL_FAST_MATH = YES;
				SDKROOT = iphoneos;
				SWIFT_COMPILATION_MODE = wholemodule;
				SWIFT_OPTIMIZATION_LEVEL = "-O";
				VALIDATE_PRODUCT = YES;
			};
			name = Release;
		};
		0D1821A3264ECAA60079D417 /* Debug */ = {
			isa = XCBuildConfiguration;
			buildSettings = {
				ASSETCATALOG_COMPILER_APPICON_NAME = AppIcon;
				ASSETCATALOG_COMPILER_GLOBAL_ACCENT_COLOR_NAME = AccentColor;
				CODE_SIGN_ENTITLEMENTS = ContactsCloudKit/ContactsCloudKit.entitlements;
				CODE_SIGN_STYLE = Automatic;
				DEVELOPMENT_TEAM = 5L2PGYP5GB;
				INFOPLIST_FILE = ContactsCloudKit/Resources/Info.plist;
				LD_RUNPATH_SEARCH_PATHS = (
					"$(inherited)",
					"@executable_path/Frameworks",
				);
				PRODUCT_BUNDLE_IDENTIFIER = "com.James-Lea.ContactsCloudKit";
				PRODUCT_NAME = "$(TARGET_NAME)";
				SWIFT_VERSION = 5.0;
				TARGETED_DEVICE_FAMILY = "1,2";
			};
			name = Debug;
		};
		0D1821A4264ECAA60079D417 /* Release */ = {
			isa = XCBuildConfiguration;
			buildSettings = {
				ASSETCATALOG_COMPILER_APPICON_NAME = AppIcon;
				ASSETCATALOG_COMPILER_GLOBAL_ACCENT_COLOR_NAME = AccentColor;
				CODE_SIGN_ENTITLEMENTS = ContactsCloudKit/ContactsCloudKit.entitlements;
				CODE_SIGN_STYLE = Automatic;
				DEVELOPMENT_TEAM = 5L2PGYP5GB;
				INFOPLIST_FILE = ContactsCloudKit/Resources/Info.plist;
				LD_RUNPATH_SEARCH_PATHS = (
					"$(inherited)",
					"@executable_path/Frameworks",
				);
				PRODUCT_BUNDLE_IDENTIFIER = "James-Lea.ContactsCloudKit";
				PRODUCT_NAME = "$(TARGET_NAME)";
				SWIFT_VERSION = 5.0;
				TARGETED_DEVICE_FAMILY = "1,2";
			};
			name = Release;
		};
/* End XCBuildConfiguration section */

/* Begin XCConfigurationList section */
		0D182189264ECAA50079D417 /* Build configuration list for PBXProject "ContactsCloudKit" */ = {
			isa = XCConfigurationList;
			buildConfigurations = (
				0D1821A0264ECAA60079D417 /* Debug */,
				0D1821A1264ECAA60079D417 /* Release */,
			);
			defaultConfigurationIsVisible = 0;
			defaultConfigurationName = Release;
		};
		0D1821A2264ECAA60079D417 /* Build configuration list for PBXNativeTarget "ContactsCloudKit" */ = {
			isa = XCConfigurationList;
			buildConfigurations = (
				0D1821A3264ECAA60079D417 /* Debug */,
				0D1821A4264ECAA60079D417 /* Release */,
			);
			defaultConfigurationIsVisible = 0;
			defaultConfigurationName = Release;
		};
/* End XCConfigurationList section */
	};
	rootObject = 0D182186264ECAA50079D417 /* Project object */;
}
